PODS:
  - URBNSwipeableController (0.2.4)

DEPENDENCIES:
  - URBNSwipeableController (from `../`)

EXTERNAL SOURCES:
  URBNSwipeableController:
    :path: "../"

SPEC CHECKSUMS:
  URBNSwipeableController: 09848075f8d2dce53c300f1bfdbff0909d256a5a

PODFILE CHECKSUM: 94c104e98faabd9f6adcdd4aa07a23276e7e2db5

COCOAPODS: 1.0.0
