PODS:
  - URBNSwipeableController (0.2.5)

DEPENDENCIES:
  - URBNSwipeableController (from `../`)

EXTERNAL SOURCES:
  URBNSwipeableController:
    :path: ../

SPEC CHECKSUMS:
  URBNSwipeableController: e34d556136176002f645589d4cdddfaf369584cd

PODFILE CHECKSUM: 94c104e98faabd9f6adcdd4aa07a23276e7e2db5

COCOAPODS: 1.0.0
