PODS:
  - URBNSwipeableController (0.2.7)

DEPENDENCIES:
  - URBNSwipeableController (from `../`)

EXTERNAL SOURCES:
  URBNSwipeableController:
    :path: ../

SPEC CHECKSUMS:
  URBNSwipeableController: 7fcba9ee6954e7958034cc23a0bbc8455cb0c7a4

PODFILE CHECKSUM: 94c104e98faabd9f6adcdd4aa07a23276e7e2db5

COCOAPODS: 1.1.1
